
Microsoft Visual Studio Solution File, Format Version 12.00
# Visual Studio Version 16
VisualStudioVersion = 16.0.30907.101
MinimumVisualStudioVersion = 10.0.40219.1
Project("{FAE04EC0-301F-11D3-BF4B-00C04F79EFBC}") = "RJW_Menstruation", "RJW_Menstruation\RJW_Menstruation.csproj", "{0E3D82EC-3048-43DC-8C7A-6377671928FA}"
EndProject
Global
	GlobalSection(SolutionConfigurationPlatforms) = preSolution
		Debug|Any CPU = Debug|Any CPU
		Release|Any CPU = Release|Any CPU
	EndGlobalSection
	GlobalSection(ProjectConfigurationPlatforms) = postSolution
		{0E3D82EC-3048-43DC-8C7A-6377671928FA}.Debug|Any CPU.ActiveCfg = Debug|Any CPU
		{0E3D82EC-3048-43DC-8C7A-6377671928FA}.Debug|Any CPU.Build.0 = Debug|Any CPU
		{0E3D82EC-3048-43DC-8C7A-6377671928FA}.Release|Any CPU.ActiveCfg = Release|Any CPU
		{0E3D82EC-3048-43DC-8C7A-6377671928FA}.Release|Any CPU.Build.0 = Release|Any CPU
	EndGlobalSection
	GlobalSection(SolutionProperties) = preSolution
		HideSolutionNode = FALSE
	EndGlobalSection
	GlobalSection(ExtensibilityGlobals) = postSolution
		SolutionGuid = {0E4B1D09-2A81-4440-AC1E-32ACCECBEE0B}
	EndGlobalSection
EndGlobal
